<?xml version="1.0" encoding="utf-8"?>
<Project ToolsVersion="4.0" xmlns="http://schemas.microsoft.com/developer/msbuild/2003">
  <ItemGroup>
    <Filter Include="platform">
      <UniqueIdentifier>{4A63C33C-3630-1E48-5F49-0CF04B7553D6}</UniqueIdentifier>
    </Filter>
    <Filter Include="platform\windows">
      <UniqueIdentifier>{A44FC440-9048-E392-B97A-C817A5D2C29E}</UniqueIdentifier>
    </Filter>
    <Filter Include="xten">
      <UniqueIdentifier>{E4D7A07C-D00E-A20D-79FB-871065111E0F}</UniqueIdentifier>
    </Filter>
    <Filter Include="xten\events">
      <UniqueIdentifier>{684F25D3-D404-9EC8-5DF9-979FC9AD94CC}</UniqueIdentifier>
    </Filter>
  </ItemGroup>
  <ItemGroup>
    <ClInclude Include="src\platform\windows\winWindow.h">
      <Filter>platform\windows</Filter>
    </ClInclude>
    <ClInclude Include="src\xten.h" />
    <ClInclude Include="src\xten\application.h">
      <Filter>xten</Filter>
    </ClInclude>
    <ClInclude Include="src\xten\core.h">
      <Filter>xten</Filter>
    </ClInclude>
    <ClInclude Include="src\xten\entrypoint.h">
      <Filter>xten</Filter>
    </ClInclude>
    <ClInclude Include="src\xten\events\applicationEvent.h">
      <Filter>xten\events</Filter>
    </ClInclude>
    <ClInclude Include="src\xten\events\event.h">
      <Filter>xten\events</Filter>
    </ClInclude>
    <ClInclude Include="src\xten\events\keyEvent.h">
      <Filter>xten\events</Filter>
    </ClInclude>
    <ClInclude Include="src\xten\events\mouseEvent.h">
      <Filter>xten\events</Filter>
    </ClInclude>
    <ClInclude Include="src\xten\layer.h">
      <Filter>xten</Filter>
    </ClInclude>
    <ClInclude Include="src\xten\layerstack.h">
      <Filter>xten</Filter>
    </ClInclude>
    <ClInclude Include="src\xten\log.h">
      <Filter>xten</Filter>
    </ClInclude>
    <ClInclude Include="src\xten\window.h">
      <Filter>xten</Filter>
    </ClInclude>
    <ClInclude Include="src\xtpch.h" />
  </ItemGroup>
  <ItemGroup>
    <ClCompile Include="src\platform\windows\winWindow.cpp">
      <Filter>platform\windows</Filter>
    </ClCompile>
    <ClCompile Include="src\xten\application.cpp">
      <Filter>xten</Filter>
    </ClCompile>
    <ClCompile Include="src\xten\layer.cpp">
      <Filter>xten</Filter>
    </ClCompile>
    <ClCompile Include="src\xten\layerstack.cpp">
      <Filter>xten</Filter>
    </ClCompile>
    <ClCompile Include="src\xten\log.cpp">
      <Filter>xten</Filter>
    </ClCompile>
    <ClCompile Include="src\xtpch.cpp" />
  </ItemGroup>
</Project>